# This file is automatically @generated by Cargo.
# It is not intended for manual editing.
version = 4

[[package]]
name = "sw-ibm1130-asm"
version = "0.1.0"
dependencies = [
 "sw-ibm1130-isa",
 "sw-isa-core",
]

[[package]]
name = "sw-ibm1130-emulator"
version = "0.1.0"
dependencies = [
 "sw-ibm1130-asm",
 "sw-ibm1130-isa",
 "sw-isa-core",
]

[[package]]
name = "sw-ibm1130-isa"
version = "0.1.0"
dependencies = [
 "sw-isa-core",
]

[[package]]
name = "sw-isa-core"
version = "0.1.0"
